
Microsoft Visual Studio Solution File, Format Version 12.00
# Visual Studio Version 17
VisualStudioVersion = 17.4.33213.308
MinimumVisualStudioVersion = 10.0.40219.1
Project("{FAE04EC0-301F-11D3-BF4B-00C04F79EFBC}") = "GeoGuide", "GeoGuide\GeoGuide.csproj", "{05CA64E0-C212-4267-B27C-5FDE8201C0BF}"
EndProject
Project("{FAE04EC0-301F-11D3-BF4B-00C04F79EFBC}") = "GeoGuide.Domain", "GeoGuide.Domain\GeoGuide.Domain.csproj", "{DF2EE360-AEA0-48F7-B7F7-79E26931CB96}"
EndProject
Project("{FAE04EC0-301F-11D3-BF4B-00C04F79EFBC}") = "GeoGuide.Repositories", "GeoGuide.Repositories\GeoGuide.Repositories.csproj", "{A2A1C257-95B8-45B6-B15B-3A8ECA846FA0}"
EndProject
Project("{FAE04EC0-301F-11D3-BF4B-00C04F79EFBC}") = "GeoGuide.Services", "GeoGuide.Services\GeoGuide.Services.csproj", "{C2643F18-4987-4165-B4D0-AFDCF15EECFA}"
EndProject
Global
	GlobalSection(SolutionConfigurationPlatforms) = preSolution
		Debug|Any CPU = Debug|Any CPU
		Release|Any CPU = Release|Any CPU
	EndGlobalSection
	GlobalSection(ProjectConfigurationPlatforms) = postSolution
		{05CA64E0-C212-4267-B27C-5FDE8201C0BF}.Debug|Any CPU.ActiveCfg = Debug|Any CPU
		{05CA64E0-C212-4267-B27C-5FDE8201C0BF}.Debug|Any CPU.Build.0 = Debug|Any CPU
		{05CA64E0-C212-4267-B27C-5FDE8201C0BF}.Release|Any CPU.ActiveCfg = Release|Any CPU
		{05CA64E0-C212-4267-B27C-5FDE8201C0BF}.Release|Any CPU.Build.0 = Release|Any CPU
		{DF2EE360-AEA0-48F7-B7F7-79E26931CB96}.Debug|Any CPU.ActiveCfg = Debug|Any CPU
		{DF2EE360-AEA0-48F7-B7F7-79E26931CB96}.Debug|Any CPU.Build.0 = Debug|Any CPU
		{DF2EE360-AEA0-48F7-B7F7-79E26931CB96}.Release|Any CPU.ActiveCfg = Release|Any CPU
		{DF2EE360-AEA0-48F7-B7F7-79E26931CB96}.Release|Any CPU.Build.0 = Release|Any CPU
		{A2A1C257-95B8-45B6-B15B-3A8ECA846FA0}.Debug|Any CPU.ActiveCfg = Debug|Any CPU
		{A2A1C257-95B8-45B6-B15B-3A8ECA846FA0}.Debug|Any CPU.Build.0 = Debug|Any CPU
		{A2A1C257-95B8-45B6-B15B-3A8ECA846FA0}.Release|Any CPU.ActiveCfg = Release|Any CPU
		{A2A1C257-95B8-45B6-B15B-3A8ECA846FA0}.Release|Any CPU.Build.0 = Release|Any CPU
		{C2643F18-4987-4165-B4D0-AFDCF15EECFA}.Debug|Any CPU.ActiveCfg = Debug|Any CPU
		{C2643F18-4987-4165-B4D0-AFDCF15EECFA}.Debug|Any CPU.Build.0 = Debug|Any CPU
		{C2643F18-4987-4165-B4D0-AFDCF15EECFA}.Release|Any CPU.ActiveCfg = Release|Any CPU
		{C2643F18-4987-4165-B4D0-AFDCF15EECFA}.Release|Any CPU.Build.0 = Release|Any CPU
	EndGlobalSection
	GlobalSection(SolutionProperties) = preSolution
		HideSolutionNode = FALSE
	EndGlobalSection
	GlobalSection(ExtensibilityGlobals) = postSolution
		SolutionGuid = {14325FF9-C6F9-4327-9010-7AF40BB251A3}
	EndGlobalSection
EndGlobal
